
Microsoft Visual Studio Solution File, Format Version 12.00
# Visual Studio 14
VisualStudioVersion = 14.0.25123.0
MinimumVisualStudioVersion = 10.0.40219.1
Project("{FAE04EC0-301F-11D3-BF4B-00C04F79EFBC}") = "Pathfinder", "Pathfinder\Pathfinder.csproj", "{675BD0B4-F7DE-4CCC-8467-821A2F9077CE}"
EndProject
Project("{FAE04EC0-301F-11D3-BF4B-00C04F79EFBC}") = "Pathfinder.Test", "Test\Pathfinder.Test.csproj", "{7BA5B9AA-7794-4A30-9A03-E932AEC61793}"
EndProject
Project("{FAE04EC0-301F-11D3-BF4B-00C04F79EFBC}") = "PsrdParser", "PsrdParser\PsrdParser.csproj", "{D853F9C4-00C9-4001-8A4E-9D76E05ED444}"
EndProject
Project("{FAE04EC0-301F-11D3-BF4B-00C04F79EFBC}") = "Pathfinder.Api", "Pathfinder.Api\Pathfinder.Api.csproj", "{357167B6-A652-48B7-B3AE-05F2E4B480F5}"
EndProject
Project("{FAE04EC0-301F-11D3-BF4B-00C04F79EFBC}") = "Pathfinder.Api.Tests", "Pathfinder.Api.Tests\Pathfinder.Api.Tests.csproj", "{BD5F9AF7-88B3-4877-9DB9-E486913ABA65}"
EndProject
Project("{E24C65DC-7377-472B-9ABA-BC803B73C61A}") = "www", "www\", "{52AE4D08-69EB-425E-BF62-3676403FA716}"
	ProjectSection(WebsiteProperties) = preProject
		TargetFrameworkMoniker = ".NETFramework,Version%3Dv4.6.1"
		Debug.AspNetCompiler.VirtualPath = "/localhost_64463"
		Debug.AspNetCompiler.PhysicalPath = "www\"
		Debug.AspNetCompiler.TargetPath = "PrecompiledWeb\localhost_64463\"
		Debug.AspNetCompiler.Updateable = "true"
		Debug.AspNetCompiler.ForceOverwrite = "true"
		Debug.AspNetCompiler.FixedNames = "false"
		Debug.AspNetCompiler.Debug = "True"
		Release.AspNetCompiler.VirtualPath = "/localhost_64463"
		Release.AspNetCompiler.PhysicalPath = "www\"
		Release.AspNetCompiler.TargetPath = "PrecompiledWeb\localhost_64463\"
		Release.AspNetCompiler.Updateable = "true"
		Release.AspNetCompiler.ForceOverwrite = "true"
		Release.AspNetCompiler.FixedNames = "false"
		Release.AspNetCompiler.Debug = "False"
		VWDPort = "64463"
		SlnRelativePath = "www\"
		DefaultWebSiteLanguage = "Visual C#"
	EndProjectSection
EndProject
Global
	GlobalSection(SolutionConfigurationPlatforms) = preSolution
		Debug|Any CPU = Debug|Any CPU
		Release|Any CPU = Release|Any CPU
	EndGlobalSection
	GlobalSection(ProjectConfigurationPlatforms) = postSolution
		{675BD0B4-F7DE-4CCC-8467-821A2F9077CE}.Debug|Any CPU.ActiveCfg = Debug|Any CPU
		{675BD0B4-F7DE-4CCC-8467-821A2F9077CE}.Debug|Any CPU.Build.0 = Debug|Any CPU
		{675BD0B4-F7DE-4CCC-8467-821A2F9077CE}.Release|Any CPU.ActiveCfg = Release|Any CPU
		{675BD0B4-F7DE-4CCC-8467-821A2F9077CE}.Release|Any CPU.Build.0 = Release|Any CPU
		{7BA5B9AA-7794-4A30-9A03-E932AEC61793}.Debug|Any CPU.ActiveCfg = Debug|Any CPU
		{7BA5B9AA-7794-4A30-9A03-E932AEC61793}.Debug|Any CPU.Build.0 = Debug|Any CPU
		{7BA5B9AA-7794-4A30-9A03-E932AEC61793}.Release|Any CPU.ActiveCfg = Release|Any CPU
		{7BA5B9AA-7794-4A30-9A03-E932AEC61793}.Release|Any CPU.Build.0 = Release|Any CPU
		{D853F9C4-00C9-4001-8A4E-9D76E05ED444}.Debug|Any CPU.ActiveCfg = Debug|Any CPU
		{D853F9C4-00C9-4001-8A4E-9D76E05ED444}.Release|Any CPU.ActiveCfg = Release|Any CPU
		{D853F9C4-00C9-4001-8A4E-9D76E05ED444}.Release|Any CPU.Build.0 = Release|Any CPU
		{357167B6-A652-48B7-B3AE-05F2E4B480F5}.Debug|Any CPU.ActiveCfg = Debug|Any CPU
		{357167B6-A652-48B7-B3AE-05F2E4B480F5}.Debug|Any CPU.Build.0 = Debug|Any CPU
		{357167B6-A652-48B7-B3AE-05F2E4B480F5}.Release|Any CPU.ActiveCfg = Release|Any CPU
		{357167B6-A652-48B7-B3AE-05F2E4B480F5}.Release|Any CPU.Build.0 = Release|Any CPU
		{BD5F9AF7-88B3-4877-9DB9-E486913ABA65}.Debug|Any CPU.ActiveCfg = Debug|Any CPU
		{BD5F9AF7-88B3-4877-9DB9-E486913ABA65}.Debug|Any CPU.Build.0 = Debug|Any CPU
		{BD5F9AF7-88B3-4877-9DB9-E486913ABA65}.Release|Any CPU.ActiveCfg = Release|Any CPU
		{BD5F9AF7-88B3-4877-9DB9-E486913ABA65}.Release|Any CPU.Build.0 = Release|Any CPU
		{52AE4D08-69EB-425E-BF62-3676403FA716}.Debug|Any CPU.ActiveCfg = Debug|Any CPU
		{52AE4D08-69EB-425E-BF62-3676403FA716}.Debug|Any CPU.Build.0 = Debug|Any CPU
		{52AE4D08-69EB-425E-BF62-3676403FA716}.Release|Any CPU.ActiveCfg = Debug|Any CPU
		{52AE4D08-69EB-425E-BF62-3676403FA716}.Release|Any CPU.Build.0 = Debug|Any CPU
	EndGlobalSection
	GlobalSection(SolutionProperties) = preSolution
		HideSolutionNode = FALSE
	EndGlobalSection
EndGlobal
