
Microsoft Visual Studio Solution File, Format Version 12.00
# Visual Studio 15
VisualStudioVersion = 15.0.27130.2026
MinimumVisualStudioVersion = 10.0.40219.1
Project("{FAE04EC0-301F-11D3-BF4B-00C04F79EFBC}") = "Pathfinder", "Pathfinder\Pathfinder.csproj", "{675BD0B4-F7DE-4CCC-8467-821A2F9077CE}"
EndProject
Project("{FAE04EC0-301F-11D3-BF4B-00C04F79EFBC}") = "Pathfinder.Test", "Test\Pathfinder.Test.csproj", "{7BA5B9AA-7794-4A30-9A03-E932AEC61793}"
EndProject
Project("{FAE04EC0-301F-11D3-BF4B-00C04F79EFBC}") = "PsrdParser", "PsrdParser\PsrdParser.csproj", "{D853F9C4-00C9-4001-8A4E-9D76E05ED444}"
EndProject
Project("{FAE04EC0-301F-11D3-BF4B-00C04F79EFBC}") = "Pathfinder.Api", "Pathfinder.Api\Pathfinder.Api.csproj", "{357167B6-A652-48B7-B3AE-05F2E4B480F5}"
EndProject
Project("{FAE04EC0-301F-11D3-BF4B-00C04F79EFBC}") = "Pathfinder.Api.Tests", "Pathfinder.Api.Tests\Pathfinder.Api.Tests.csproj", "{BD5F9AF7-88B3-4877-9DB9-E486913ABA65}"
EndProject
Project("{FAE04EC0-301F-11D3-BF4B-00C04F79EFBC}") = "DatabasePopulator", "DatabasePopulator\DatabasePopulator.csproj", "{53CBBE0D-E1AE-4963-8FB7-34F55112E768}"
EndProject
Project("{2150E333-8FDC-42A3-9474-1A3956D46DE8}") = "Misc", "Misc", "{BE77A87D-312D-4575-BAD6-5A9D7DEBCA6D}"
	ProjectSection(SolutionItems) = preProject
		.editorconfig = .editorconfig
	EndProjectSection
EndProject
Project("{FAE04EC0-301F-11D3-BF4B-00C04F79EFBC}") = "ConsoleHost", "ConsoleHost\ConsoleHost.csproj", "{1614A6F8-2E9B-4704-90C5-FF0D48C68B31}"
EndProject
Global
	GlobalSection(SolutionConfigurationPlatforms) = preSolution
		Debug|Any CPU = Debug|Any CPU
		Release|Any CPU = Release|Any CPU
	EndGlobalSection
	GlobalSection(ProjectConfigurationPlatforms) = postSolution
		{675BD0B4-F7DE-4CCC-8467-821A2F9077CE}.Debug|Any CPU.ActiveCfg = Debug|Any CPU
		{675BD0B4-F7DE-4CCC-8467-821A2F9077CE}.Debug|Any CPU.Build.0 = Debug|Any CPU
		{675BD0B4-F7DE-4CCC-8467-821A2F9077CE}.Release|Any CPU.ActiveCfg = Release|Any CPU
		{675BD0B4-F7DE-4CCC-8467-821A2F9077CE}.Release|Any CPU.Build.0 = Release|Any CPU
		{7BA5B9AA-7794-4A30-9A03-E932AEC61793}.Debug|Any CPU.ActiveCfg = Debug|Any CPU
		{7BA5B9AA-7794-4A30-9A03-E932AEC61793}.Debug|Any CPU.Build.0 = Debug|Any CPU
		{7BA5B9AA-7794-4A30-9A03-E932AEC61793}.Release|Any CPU.ActiveCfg = Release|Any CPU
		{7BA5B9AA-7794-4A30-9A03-E932AEC61793}.Release|Any CPU.Build.0 = Release|Any CPU
		{D853F9C4-00C9-4001-8A4E-9D76E05ED444}.Debug|Any CPU.ActiveCfg = Debug|Any CPU
		{D853F9C4-00C9-4001-8A4E-9D76E05ED444}.Debug|Any CPU.Build.0 = Debug|Any CPU
		{D853F9C4-00C9-4001-8A4E-9D76E05ED444}.Release|Any CPU.ActiveCfg = Release|Any CPU
		{D853F9C4-00C9-4001-8A4E-9D76E05ED444}.Release|Any CPU.Build.0 = Release|Any CPU
		{357167B6-A652-48B7-B3AE-05F2E4B480F5}.Debug|Any CPU.ActiveCfg = Debug|Any CPU
		{357167B6-A652-48B7-B3AE-05F2E4B480F5}.Debug|Any CPU.Build.0 = Debug|Any CPU
		{357167B6-A652-48B7-B3AE-05F2E4B480F5}.Release|Any CPU.ActiveCfg = Release|Any CPU
		{357167B6-A652-48B7-B3AE-05F2E4B480F5}.Release|Any CPU.Build.0 = Release|Any CPU
		{BD5F9AF7-88B3-4877-9DB9-E486913ABA65}.Debug|Any CPU.ActiveCfg = Debug|Any CPU
		{BD5F9AF7-88B3-4877-9DB9-E486913ABA65}.Debug|Any CPU.Build.0 = Debug|Any CPU
		{BD5F9AF7-88B3-4877-9DB9-E486913ABA65}.Release|Any CPU.ActiveCfg = Release|Any CPU
		{BD5F9AF7-88B3-4877-9DB9-E486913ABA65}.Release|Any CPU.Build.0 = Release|Any CPU
		{53CBBE0D-E1AE-4963-8FB7-34F55112E768}.Debug|Any CPU.ActiveCfg = Debug|Any CPU
		{53CBBE0D-E1AE-4963-8FB7-34F55112E768}.Debug|Any CPU.Build.0 = Debug|Any CPU
		{53CBBE0D-E1AE-4963-8FB7-34F55112E768}.Release|Any CPU.ActiveCfg = Release|Any CPU
		{53CBBE0D-E1AE-4963-8FB7-34F55112E768}.Release|Any CPU.Build.0 = Release|Any CPU
		{1614A6F8-2E9B-4704-90C5-FF0D48C68B31}.Debug|Any CPU.ActiveCfg = Debug|Any CPU
		{1614A6F8-2E9B-4704-90C5-FF0D48C68B31}.Debug|Any CPU.Build.0 = Debug|Any CPU
		{1614A6F8-2E9B-4704-90C5-FF0D48C68B31}.Release|Any CPU.ActiveCfg = Release|Any CPU
		{1614A6F8-2E9B-4704-90C5-FF0D48C68B31}.Release|Any CPU.Build.0 = Release|Any CPU
	EndGlobalSection
	GlobalSection(SolutionProperties) = preSolution
		HideSolutionNode = FALSE
	EndGlobalSection
	GlobalSection(ExtensibilityGlobals) = postSolution
		SolutionGuid = {4182B676-948B-4CE4-B332-83FE6BC3FA18}
	EndGlobalSection
EndGlobal
